// !$*UTF8*$!
{
	archiveVersion = 1;
	classes = {
	};
	objectVersion = 46;
	objects = {

/* Begin PBXBuildFile section */
		36B0319D07366DF96D9942A1 /* Pods_PD.framework in Frameworks */ = {isa = PBXBuildFile; fileRef = 6DC6F957DD920DFC8EB8B2AF /* Pods_PD.framework */; };
		F30D5CA21FA741D8004AFF9C /* ScrollViewController.swift in Sources */ = {isa = PBXBuildFile; fileRef = F30D5CA11FA741D8004AFF9C /* ScrollViewController.swift */; };
		F30D5CA51FAA0AE2004AFF9C /* AudioToolbox.framework in Frameworks */ = {isa = PBXBuildFile; fileRef = F30D5CA41FAA0AE2004AFF9C /* AudioToolbox.framework */; };
		F311AD1D1FB5AD2D00B3CF83 /* addListViewController.swift in Sources */ = {isa = PBXBuildFile; fileRef = F311AD1C1FB5AD2D00B3CF83 /* addListViewController.swift */; };
		F31E54BD1FA0B9AA00882568 /* densityTableViewCell.swift in Sources */ = {isa = PBXBuildFile; fileRef = F31E54BB1FA0B9AA00882568 /* densityTableViewCell.swift */; };
		F31E54BE1FA0B9AA00882568 /* densityTableViewCell.xib in Resources */ = {isa = PBXBuildFile; fileRef = F31E54BC1FA0B9AA00882568 /* densityTableViewCell.xib */; };
		F31E54C11FA0BB9C00882568 /* volumeTableViewCell.swift in Sources */ = {isa = PBXBuildFile; fileRef = F31E54BF1FA0BB9C00882568 /* volumeTableViewCell.swift */; };
		F31E54C21FA0BB9C00882568 /* volumeTableViewCell.xib in Resources */ = {isa = PBXBuildFile; fileRef = F31E54C01FA0BB9C00882568 /* volumeTableViewCell.xib */; };
		F346E2861F97A636007337FA /* Const.swift in Sources */ = {isa = PBXBuildFile; fileRef = F346E2851F97A636007337FA /* Const.swift */; };
		F346E2881F97A806007337FA /* PostData.swift in Sources */ = {isa = PBXBuildFile; fileRef = F346E2871F97A806007337FA /* PostData.swift */; };
		F346E2931F991203007337FA /* PostTableViewCell.swift in Sources */ = {isa = PBXBuildFile; fileRef = F346E2911F991203007337FA /* PostTableViewCell.swift */; };
		F346E2941F991203007337FA /* PostTableViewCell.xib in Resources */ = {isa = PBXBuildFile; fileRef = F346E2921F991203007337FA /* PostTableViewCell.xib */; };
		F3A22B6C1F9A567900178E6A /* Cell.swift in Sources */ = {isa = PBXBuildFile; fileRef = F3A22B6B1F9A567900178E6A /* Cell.swift */; };
		F3A22B701F9B58FF00178E6A /* PDData.swift in Sources */ = {isa = PBXBuildFile; fileRef = F3A22B6F1F9B58FF00178E6A /* PDData.swift */; };
		F3CFF9681F94E55B00521911 /* AppDelegate.swift in Sources */ = {isa = PBXBuildFile; fileRef = F3CFF9671F94E55B00521911 /* AppDelegate.swift */; };
		F3CFF96A1F94E55B00521911 /* ViewController.swift in Sources */ = {isa = PBXBuildFile; fileRef = F3CFF9691F94E55B00521911 /* ViewController.swift */; };
		F3CFF96D1F94E55B00521911 /* Main.storyboard in Resources */ = {isa = PBXBuildFile; fileRef = F3CFF96B1F94E55B00521911 /* Main.storyboard */; };
		F3CFF96F1F94E55B00521911 /* Assets.xcassets in Resources */ = {isa = PBXBuildFile; fileRef = F3CFF96E1F94E55B00521911 /* Assets.xcassets */; };
		F3CFF9721F94E55B00521911 /* LaunchScreen.storyboard in Resources */ = {isa = PBXBuildFile; fileRef = F3CFF9701F94E55B00521911 /* LaunchScreen.storyboard */; };
		F3CFF97A1F950F8600521911 /* HomeViewController.swift in Sources */ = {isa = PBXBuildFile; fileRef = F3CFF9791F950F8600521911 /* HomeViewController.swift */; };
		F3CFF97C1F950FD700521911 /* MeasureViewController.swift in Sources */ = {isa = PBXBuildFile; fileRef = F3CFF97B1F950FD700521911 /* MeasureViewController.swift */; };
		F3CFF97E1F95101100521911 /* StockViewController.swift in Sources */ = {isa = PBXBuildFile; fileRef = F3CFF97D1F95101100521911 /* StockViewController.swift */; };
		F3CFF9801F96413400521911 /* SettingViewController.swift in Sources */ = {isa = PBXBuildFile; fileRef = F3CFF97F1F96413400521911 /* SettingViewController.swift */; };
		F3CFF9821F976D0200521911 /* GoogleService-Info.plist in Resources */ = {isa = PBXBuildFile; fileRef = F3CFF9811F976D0200521911 /* GoogleService-Info.plist */; };
		F3CFF9841F97711F00521911 /* LoginViewController.swift in Sources */ = {isa = PBXBuildFile; fileRef = F3CFF9831F97711F00521911 /* LoginViewController.swift */; };
/* End PBXBuildFile section */

/* Begin PBXCopyFilesBuildPhase section */
		F30D5CA31FAA0ABA004AFF9C /* CopyFiles */ = {
			isa = PBXCopyFilesBuildPhase;
			buildActionMask = 2147483647;
			dstPath = "";
			dstSubfolderSpec = 7;
			files = (
			);
			runOnlyForDeploymentPostprocessing = 0;
		};
/* End PBXCopyFilesBuildPhase section */

/* Begin PBXFileReference section */
		2D087E6900574B6235B14200 /* Pods-PD.debug.xcconfig */ = {isa = PBXFileReference; includeInIndex = 1; lastKnownFileType = text.xcconfig; name = "Pods-PD.debug.xcconfig"; path = "Pods/Target Support Files/Pods-PD/Pods-PD.debug.xcconfig"; sourceTree = "<group>"; };
		6DC6F957DD920DFC8EB8B2AF /* Pods_PD.framework */ = {isa = PBXFileReference; explicitFileType = wrapper.framework; includeInIndex = 0; path = Pods_PD.framework; sourceTree = BUILT_PRODUCTS_DIR; };
		F30D5CA11FA741D8004AFF9C /* ScrollViewController.swift */ = {isa = PBXFileReference; fileEncoding = 4; lastKnownFileType = sourcecode.swift; path = ScrollViewController.swift; sourceTree = "<group>"; };
		F30D5CA41FAA0AE2004AFF9C /* AudioToolbox.framework */ = {isa = PBXFileReference; lastKnownFileType = wrapper.framework; name = AudioToolbox.framework; path = System/Library/Frameworks/AudioToolbox.framework; sourceTree = SDKROOT; };
		F311AD1C1FB5AD2D00B3CF83 /* addListViewController.swift */ = {isa = PBXFileReference; fileEncoding = 4; lastKnownFileType = sourcecode.swift; path = addListViewController.swift; sourceTree = "<group>"; };
		F31E54BB1FA0B9AA00882568 /* densityTableViewCell.swift */ = {isa = PBXFileReference; fileEncoding = 4; lastKnownFileType = sourcecode.swift; path = densityTableViewCell.swift; sourceTree = "<group>"; };
		F31E54BC1FA0B9AA00882568 /* densityTableViewCell.xib */ = {isa = PBXFileReference; fileEncoding = 4; lastKnownFileType = file.xib; path = densityTableViewCell.xib; sourceTree = "<group>"; };
		F31E54BF1FA0BB9C00882568 /* volumeTableViewCell.swift */ = {isa = PBXFileReference; fileEncoding = 4; lastKnownFileType = sourcecode.swift; path = volumeTableViewCell.swift; sourceTree = "<group>"; };
		F31E54C01FA0BB9C00882568 /* volumeTableViewCell.xib */ = {isa = PBXFileReference; fileEncoding = 4; lastKnownFileType = file.xib; path = volumeTableViewCell.xib; sourceTree = "<group>"; };
		F346E2851F97A636007337FA /* Const.swift */ = {isa = PBXFileReference; fileEncoding = 4; lastKnownFileType = sourcecode.swift; path = Const.swift; sourceTree = "<group>"; };
		F346E2871F97A806007337FA /* PostData.swift */ = {isa = PBXFileReference; fileEncoding = 4; lastKnownFileType = sourcecode.swift; path = PostData.swift; sourceTree = "<group>"; };
		F346E2911F991203007337FA /* PostTableViewCell.swift */ = {isa = PBXFileReference; fileEncoding = 4; lastKnownFileType = sourcecode.swift; path = PostTableViewCell.swift; sourceTree = "<group>"; };
		F346E2921F991203007337FA /* PostTableViewCell.xib */ = {isa = PBXFileReference; fileEncoding = 4; lastKnownFileType = file.xib; path = PostTableViewCell.xib; sourceTree = "<group>"; };
		F3A22B6B1F9A567900178E6A /* Cell.swift */ = {isa = PBXFileReference; fileEncoding = 4; lastKnownFileType = sourcecode.swift; path = Cell.swift; sourceTree = "<group>"; };
		F3A22B6F1F9B58FF00178E6A /* PDData.swift */ = {isa = PBXFileReference; fileEncoding = 4; lastKnownFileType = sourcecode.swift; path = PDData.swift; sourceTree = "<group>"; };
		F3CFF9641F94E55B00521911 /* PD.app */ = {isa = PBXFileReference; explicitFileType = wrapper.application; includeInIndex = 0; path = PD.app; sourceTree = BUILT_PRODUCTS_DIR; };
		F3CFF9671F94E55B00521911 /* AppDelegate.swift */ = {isa = PBXFileReference; lastKnownFileType = sourcecode.swift; path = AppDelegate.swift; sourceTree = "<group>"; };
		F3CFF9691F94E55B00521911 /* ViewController.swift */ = {isa = PBXFileReference; lastKnownFileType = sourcecode.swift; path = ViewController.swift; sourceTree = "<group>"; };
		F3CFF96C1F94E55B00521911 /* Base */ = {isa = PBXFileReference; lastKnownFileType = file.storyboard; name = Base; path = Base.lproj/Main.storyboard; sourceTree = "<group>"; };
		F3CFF96E1F94E55B00521911 /* Assets.xcassets */ = {isa = PBXFileReference; lastKnownFileType = folder.assetcatalog; path = Assets.xcassets; sourceTree = "<group>"; };
		F3CFF9711F94E55B00521911 /* Base */ = {isa = PBXFileReference; lastKnownFileType = file.storyboard; name = Base; path = Base.lproj/LaunchScreen.storyboard; sourceTree = "<group>"; };
		F3CFF9731F94E55B00521911 /* Info.plist */ = {isa = PBXFileReference; lastKnownFileType = text.plist.xml; path = Info.plist; sourceTree = "<group>"; };
		F3CFF9791F950F8600521911 /* HomeViewController.swift */ = {isa = PBXFileReference; fileEncoding = 4; lastKnownFileType = sourcecode.swift; path = HomeViewController.swift; sourceTree = "<group>"; };
		F3CFF97B1F950FD700521911 /* MeasureViewController.swift */ = {isa = PBXFileReference; fileEncoding = 4; lastKnownFileType = sourcecode.swift; path = MeasureViewController.swift; sourceTree = "<group>"; };
		F3CFF97D1F95101100521911 /* StockViewController.swift */ = {isa = PBXFileReference; fileEncoding = 4; lastKnownFileType = sourcecode.swift; path = StockViewController.swift; sourceTree = "<group>"; };
		F3CFF97F1F96413400521911 /* SettingViewController.swift */ = {isa = PBXFileReference; fileEncoding = 4; lastKnownFileType = sourcecode.swift; path = SettingViewController.swift; sourceTree = "<group>"; };
		F3CFF9811F976D0200521911 /* GoogleService-Info.plist */ = {isa = PBXFileReference; fileEncoding = 4; lastKnownFileType = text.plist.xml; path = "GoogleService-Info.plist"; sourceTree = "<group>"; };
		F3CFF9831F97711F00521911 /* LoginViewController.swift */ = {isa = PBXFileReference; fileEncoding = 4; lastKnownFileType = sourcecode.swift; path = LoginViewController.swift; sourceTree = "<group>"; };
		F7FCD5891A83D745149915D5 /* Pods-PD.release.xcconfig */ = {isa = PBXFileReference; includeInIndex = 1; lastKnownFileType = text.xcconfig; name = "Pods-PD.release.xcconfig"; path = "Pods/Target Support Files/Pods-PD/Pods-PD.release.xcconfig"; sourceTree = "<group>"; };
/* End PBXFileReference section */

/* Begin PBXFrameworksBuildPhase section */
		F3CFF9611F94E55B00521911 /* Frameworks */ = {
			isa = PBXFrameworksBuildPhase;
			buildActionMask = 2147483647;
			files = (
				F30D5CA51FAA0AE2004AFF9C /* AudioToolbox.framework in Frameworks */,
				36B0319D07366DF96D9942A1 /* Pods_PD.framework in Frameworks */,
			);
			runOnlyForDeploymentPostprocessing = 0;
		};
/* End PBXFrameworksBuildPhase section */

/* Begin PBXGroup section */
		1F679B93E76DB40EA4D72906 /* Frameworks */ = {
			isa = PBXGroup;
			children = (
				F30D5CA41FAA0AE2004AFF9C /* AudioToolbox.framework */,
				6DC6F957DD920DFC8EB8B2AF /* Pods_PD.framework */,
			);
			name = Frameworks;
			sourceTree = "<group>";
		};
		341FC365113ED4056E469BA7 /* Pods */ = {
			isa = PBXGroup;
			children = (
				2D087E6900574B6235B14200 /* Pods-PD.debug.xcconfig */,
				F7FCD5891A83D745149915D5 /* Pods-PD.release.xcconfig */,
			);
			name = Pods;
			sourceTree = "<group>";
		};
		F3CFF95B1F94E55B00521911 = {
			isa = PBXGroup;
			children = (
				F3CFF9661F94E55B00521911 /* PD */,
				F3CFF9651F94E55B00521911 /* Products */,
				341FC365113ED4056E469BA7 /* Pods */,
				1F679B93E76DB40EA4D72906 /* Frameworks */,
			);
			sourceTree = "<group>";
		};
		F3CFF9651F94E55B00521911 /* Products */ = {
			isa = PBXGroup;
			children = (
				F3CFF9641F94E55B00521911 /* PD.app */,
			);
			name = Products;
			sourceTree = "<group>";
		};
		F3CFF9661F94E55B00521911 /* PD */ = {
			isa = PBXGroup;
			children = (
				F3CFF9671F94E55B00521911 /* AppDelegate.swift */,
				F3CFF9691F94E55B00521911 /* ViewController.swift */,
				F3CFF96B1F94E55B00521911 /* Main.storyboard */,
				F311AD1C1FB5AD2D00B3CF83 /* addListViewController.swift */,
				F30D5CA11FA741D8004AFF9C /* ScrollViewController.swift */,
				F31E54BB1FA0B9AA00882568 /* densityTableViewCell.swift */,
				F31E54BC1FA0B9AA00882568 /* densityTableViewCell.xib */,
				F31E54BF1FA0BB9C00882568 /* volumeTableViewCell.swift */,
				F31E54C01FA0BB9C00882568 /* volumeTableViewCell.xib */,
				F3A22B6F1F9B58FF00178E6A /* PDData.swift */,
				F3A22B6B1F9A567900178E6A /* Cell.swift */,
				F346E2911F991203007337FA /* PostTableViewCell.swift */,
				F346E2921F991203007337FA /* PostTableViewCell.xib */,
				F3CFF9831F97711F00521911 /* LoginViewController.swift */,
				F3CFF97F1F96413400521911 /* SettingViewController.swift */,
				F346E2851F97A636007337FA /* Const.swift */,
				F346E2871F97A806007337FA /* PostData.swift */,
				F3CFF97B1F950FD700521911 /* MeasureViewController.swift */,
				F3CFF97D1F95101100521911 /* StockViewController.swift */,
				F3CFF9791F950F8600521911 /* HomeViewController.swift */,
				F3CFF96E1F94E55B00521911 /* Assets.xcassets */,
				F3CFF9701F94E55B00521911 /* LaunchScreen.storyboard */,
				F3CFF9731F94E55B00521911 /* Info.plist */,
				F3CFF9811F976D0200521911 /* GoogleService-Info.plist */,
			);
			path = PD;
			sourceTree = "<group>";
		};
/* End PBXGroup section */

/* Begin PBXHeadersBuildPhase section */
		F30D5CA61FAA0B05004AFF9C /* Headers */ = {
			isa = PBXHeadersBuildPhase;
			buildActionMask = 2147483647;
			files = (
			);
			runOnlyForDeploymentPostprocessing = 0;
		};
/* End PBXHeadersBuildPhase section */

/* Begin PBXNativeTarget section */
		F3CFF9631F94E55B00521911 /* PD */ = {
			isa = PBXNativeTarget;
			buildConfigurationList = F3CFF9761F94E55B00521911 /* Build configuration list for PBXNativeTarget "PD" */;
			buildPhases = (
				40E022A4FB145CC8F0B5C485 /* [CP] Check Pods Manifest.lock */,
				F3CFF9601F94E55B00521911 /* Sources */,
				F3CFF9611F94E55B00521911 /* Frameworks */,
				F3CFF9621F94E55B00521911 /* Resources */,
				1618E1F0B517E0EFCB40156D /* [CP] Embed Pods Frameworks */,
				B6117806C774F8E6B4DD38B8 /* [CP] Copy Pods Resources */,
				F30D5CA31FAA0ABA004AFF9C /* CopyFiles */,
				F30D5CA61FAA0B05004AFF9C /* Headers */,
			);
			buildRules = (
			);
			dependencies = (
			);
			name = PD;
			productName = PD;
			productReference = F3CFF9641F94E55B00521911 /* PD.app */;
			productType = "com.apple.product-type.application";
		};
/* End PBXNativeTarget section */

/* Begin PBXProject section */
		F3CFF95C1F94E55B00521911 /* Project object */ = {
			isa = PBXProject;
			attributes = {
				LastSwiftUpdateCheck = 0830;
				LastUpgradeCheck = 0830;
				ORGANIZATIONNAME = kiki.fuji;
				TargetAttributes = {
					F3CFF9631F94E55B00521911 = {
						CreatedOnToolsVersion = 8.3.3;
						DevelopmentTeam = W33H7HYFR5;
						ProvisioningStyle = Automatic;
					};
				};
			};
			buildConfigurationList = F3CFF95F1F94E55B00521911 /* Build configuration list for PBXProject "PD" */;
			compatibilityVersion = "Xcode 3.2";
			developmentRegion = English;
			hasScannedForEncodings = 0;
			knownRegions = (
				en,
				Base,
			);
			mainGroup = F3CFF95B1F94E55B00521911;
			productRefGroup = F3CFF9651F94E55B00521911 /* Products */;
			projectDirPath = "";
			projectRoot = "";
			targets = (
				F3CFF9631F94E55B00521911 /* PD */,
			);
		};
/* End PBXProject section */

/* Begin PBXResourcesBuildPhase section */
		F3CFF9621F94E55B00521911 /* Resources */ = {
			isa = PBXResourcesBuildPhase;
			buildActionMask = 2147483647;
			files = (
				F31E54BE1FA0B9AA00882568 /* densityTableViewCell.xib in Resources */,
				F3CFF9721F94E55B00521911 /* LaunchScreen.storyboard in Resources */,
				F31E54C21FA0BB9C00882568 /* volumeTableViewCell.xib in Resources */,
				F3CFF9821F976D0200521911 /* GoogleService-Info.plist in Resources */,
				F3CFF96F1F94E55B00521911 /* Assets.xcassets in Resources */,
				F346E2941F991203007337FA /* PostTableViewCell.xib in Resources */,
				F3CFF96D1F94E55B00521911 /* Main.storyboard in Resources */,
			);
			runOnlyForDeploymentPostprocessing = 0;
		};
/* End PBXResourcesBuildPhase section */

/* Begin PBXShellScriptBuildPhase section */
		1618E1F0B517E0EFCB40156D /* [CP] Embed Pods Frameworks */ = {
			isa = PBXShellScriptBuildPhase;
			buildActionMask = 2147483647;
			files = (
			);
			inputPaths = (
			);
			name = "[CP] Embed Pods Frameworks";
			outputPaths = (
			);
			runOnlyForDeploymentPostprocessing = 0;
			shellPath = /bin/sh;
			shellScript = "\"${SRCROOT}/Pods/Target Support Files/Pods-PD/Pods-PD-frameworks.sh\"\n";
			showEnvVarsInLog = 0;
		};
		40E022A4FB145CC8F0B5C485 /* [CP] Check Pods Manifest.lock */ = {
			isa = PBXShellScriptBuildPhase;
			buildActionMask = 2147483647;
			files = (
			);
			inputPaths = (
			);
			name = "[CP] Check Pods Manifest.lock";
			outputPaths = (
			);
			runOnlyForDeploymentPostprocessing = 0;
			shellPath = /bin/sh;
			shellScript = "diff \"${PODS_ROOT}/../Podfile.lock\" \"${PODS_ROOT}/Manifest.lock\" > /dev/null\nif [ $? != 0 ] ; then\n    # print error to STDERR\n    echo \"error: The sandbox is not in sync with the Podfile.lock. Run 'pod install' or update your CocoaPods installation.\" >&2\n    exit 1\nfi\n";
			showEnvVarsInLog = 0;
		};
		B6117806C774F8E6B4DD38B8 /* [CP] Copy Pods Resources */ = {
			isa = PBXShellScriptBuildPhase;
			buildActionMask = 2147483647;
			files = (
			);
			inputPaths = (
			);
			name = "[CP] Copy Pods Resources";
			outputPaths = (
			);
			runOnlyForDeploymentPostprocessing = 0;
			shellPath = /bin/sh;
			shellScript = "\"${SRCROOT}/Pods/Target Support Files/Pods-PD/Pods-PD-resources.sh\"\n";
			showEnvVarsInLog = 0;
		};
/* End PBXShellScriptBuildPhase section */

/* Begin PBXSourcesBuildPhase section */
		F3CFF9601F94E55B00521911 /* Sources */ = {
			isa = PBXSourcesBuildPhase;
			buildActionMask = 2147483647;
			files = (
				F346E2931F991203007337FA /* PostTableViewCell.swift in Sources */,
				F3CFF9841F97711F00521911 /* LoginViewController.swift in Sources */,
				F31E54BD1FA0B9AA00882568 /* densityTableViewCell.swift in Sources */,
				F31E54C11FA0BB9C00882568 /* volumeTableViewCell.swift in Sources */,
				F346E2881F97A806007337FA /* PostData.swift in Sources */,
				F3CFF96A1F94E55B00521911 /* ViewController.swift in Sources */,
				F3CFF9681F94E55B00521911 /* AppDelegate.swift in Sources */,
				F30D5CA21FA741D8004AFF9C /* ScrollViewController.swift in Sources */,
				F3A22B701F9B58FF00178E6A /* PDData.swift in Sources */,
				F3CFF97A1F950F8600521911 /* HomeViewController.swift in Sources */,
				F311AD1D1FB5AD2D00B3CF83 /* addListViewController.swift in Sources */,
				F3CFF97C1F950FD700521911 /* MeasureViewController.swift in Sources */,
				F346E2861F97A636007337FA /* Const.swift in Sources */,
				F3A22B6C1F9A567900178E6A /* Cell.swift in Sources */,
				F3CFF97E1F95101100521911 /* StockViewController.swift in Sources */,
				F3CFF9801F96413400521911 /* SettingViewController.swift in Sources */,
			);
			runOnlyForDeploymentPostprocessing = 0;
		};
/* End PBXSourcesBuildPhase section */

/* Begin PBXVariantGroup section */
		F3CFF96B1F94E55B00521911 /* Main.storyboard */ = {
			isa = PBXVariantGroup;
			children = (
				F3CFF96C1F94E55B00521911 /* Base */,
			);
			name = Main.storyboard;
			sourceTree = "<group>";
		};
		F3CFF9701F94E55B00521911 /* LaunchScreen.storyboard */ = {
			isa = PBXVariantGroup;
			children = (
				F3CFF9711F94E55B00521911 /* Base */,
			);
			name = LaunchScreen.storyboard;
			sourceTree = "<group>";
		};
/* End PBXVariantGroup section */

/* Begin XCBuildConfiguration section */
		F3CFF9741F94E55B00521911 /* Debug */ = {
			isa = XCBuildConfiguration;
			buildSettings = {
				ALWAYS_SEARCH_USER_PATHS = NO;
				CLANG_ANALYZER_NONNULL = YES;
				CLANG_ANALYZER_NUMBER_OBJECT_CONVERSION = YES_AGGRESSIVE;
				CLANG_CXX_LANGUAGE_STANDARD = "gnu++0x";
				CLANG_CXX_LIBRARY = "libc++";
				CLANG_ENABLE_MODULES = YES;
				CLANG_ENABLE_OBJC_ARC = YES;
				CLANG_WARN_BOOL_CONVERSION = YES;
				CLANG_WARN_CONSTANT_CONVERSION = YES;
				CLANG_WARN_DIRECT_OBJC_ISA_USAGE = YES_ERROR;
				CLANG_WARN_DOCUMENTATION_COMMENTS = YES;
				CLANG_WARN_EMPTY_BODY = YES;
				CLANG_WARN_ENUM_CONVERSION = YES;
				CLANG_WARN_INFINITE_RECURSION = YES;
				CLANG_WARN_INT_CONVERSION = YES;
				CLANG_WARN_OBJC_ROOT_CLASS = YES_ERROR;
				CLANG_WARN_SUSPICIOUS_MOVE = YES;
				CLANG_WARN_UNREACHABLE_CODE = YES;
				CLANG_WARN__DUPLICATE_METHOD_MATCH = YES;
				"CODE_SIGN_IDENTITY[sdk=iphoneos*]" = "iPhone Developer";
				COPY_PHASE_STRIP = NO;
				DEBUG_INFORMATION_FORMAT = dwarf;
				ENABLE_STRICT_OBJC_MSGSEND = YES;
				ENABLE_TESTABILITY = YES;
				GCC_C_LANGUAGE_STANDARD = gnu99;
				GCC_DYNAMIC_NO_PIC = NO;
				GCC_NO_COMMON_BLOCKS = YES;
				GCC_OPTIMIZATION_LEVEL = 0;
				GCC_PREPROCESSOR_DEFINITIONS = (
					"DEBUG=1",
					"$(inherited)",
				);
				GCC_WARN_64_TO_32_BIT_CONVERSION = YES;
				GCC_WARN_ABOUT_RETURN_TYPE = YES_ERROR;
				GCC_WARN_UNDECLARED_SELECTOR = YES;
				GCC_WARN_UNINITIALIZED_AUTOS = YES_AGGRESSIVE;
				GCC_WARN_UNUSED_FUNCTION = YES;
				GCC_WARN_UNUSED_VARIABLE = YES;
				IPHONEOS_DEPLOYMENT_TARGET = 10.3;
				MTL_ENABLE_DEBUG_INFO = YES;
				ONLY_ACTIVE_ARCH = YES;
				SDKROOT = iphoneos;
				SWIFT_ACTIVE_COMPILATION_CONDITIONS = DEBUG;
				SWIFT_OPTIMIZATION_LEVEL = "-Onone";
			};
			name = Debug;
		};
		F3CFF9751F94E55B00521911 /* Release */ = {
			isa = XCBuildConfiguration;
			buildSettings = {
				ALWAYS_SEARCH_USER_PATHS = NO;
				CLANG_ANALYZER_NONNULL = YES;
				CLANG_ANALYZER_NUMBER_OBJECT_CONVERSION = YES_AGGRESSIVE;
				CLANG_CXX_LANGUAGE_STANDARD = "gnu++0x";
				CLANG_CXX_LIBRARY = "libc++";
				CLANG_ENABLE_MODULES = YES;
				CLANG_ENABLE_OBJC_ARC = YES;
				CLANG_WARN_BOOL_CONVERSION = YES;
				CLANG_WARN_CONSTANT_CONVERSION = YES;
				CLANG_WARN_DIRECT_OBJC_ISA_USAGE = YES_ERROR;
				CLANG_WARN_DOCUMENTATION_COMMENTS = YES;
				CLANG_WARN_EMPTY_BODY = YES;
				CLANG_WARN_ENUM_CONVERSION = YES;
				CLANG_WARN_INFINITE_RECURSION = YES;
				CLANG_WARN_INT_CONVERSION = YES;
				CLANG_WARN_OBJC_ROOT_CLASS = YES_ERROR;
				CLANG_WARN_SUSPICIOUS_MOVE = YES;
				CLANG_WARN_UNREACHABLE_CODE = YES;
				CLANG_WARN__DUPLICATE_METHOD_MATCH = YES;
				"CODE_SIGN_IDENTITY[sdk=iphoneos*]" = "iPhone Developer";
				COPY_PHASE_STRIP = NO;
				DEBUG_INFORMATION_FORMAT = "dwarf-with-dsym";
				ENABLE_NS_ASSERTIONS = NO;
				ENABLE_STRICT_OBJC_MSGSEND = YES;
				GCC_C_LANGUAGE_STANDARD = gnu99;
				GCC_NO_COMMON_BLOCKS = YES;
				GCC_WARN_64_TO_32_BIT_CONVERSION = YES;
				GCC_WARN_ABOUT_RETURN_TYPE = YES_ERROR;
				GCC_WARN_UNDECLARED_SELECTOR = YES;
				GCC_WARN_UNINITIALIZED_AUTOS = YES_AGGRESSIVE;
				GCC_WARN_UNUSED_FUNCTION = YES;
				GCC_WARN_UNUSED_VARIABLE = YES;
				IPHONEOS_DEPLOYMENT_TARGET = 10.3;
				MTL_ENABLE_DEBUG_INFO = NO;
				SDKROOT = iphoneos;
				SWIFT_OPTIMIZATION_LEVEL = "-Owholemodule";
				VALIDATE_PRODUCT = YES;
			};
			name = Release;
		};
		F3CFF9771F94E55B00521911 /* Debug */ = {
			isa = XCBuildConfiguration;
			baseConfigurationReference = 2D087E6900574B6235B14200 /* Pods-PD.debug.xcconfig */;
			buildSettings = {
				ASSETCATALOG_COMPILER_APPICON_NAME = AppIcon;
				DEVELOPMENT_TEAM = W33H7HYFR5;
				INFOPLIST_FILE = PD/Info.plist;
				LD_RUNPATH_SEARCH_PATHS = "$(inherited) @executable_path/Frameworks";
				PRODUCT_BUNDLE_IDENTIFIER = jp.techacademy.kiki.fuji.PD;
				PRODUCT_NAME = "$(TARGET_NAME)";
				SWIFT_VERSION = 3.0;
			};
			name = Debug;
		};
		F3CFF9781F94E55B00521911 /* Release */ = {
			isa = XCBuildConfiguration;
			baseConfigurationReference = F7FCD5891A83D745149915D5 /* Pods-PD.release.xcconfig */;
			buildSettings = {
				ASSETCATALOG_COMPILER_APPICON_NAME = AppIcon;
				DEVELOPMENT_TEAM = W33H7HYFR5;
				INFOPLIST_FILE = PD/Info.plist;
				LD_RUNPATH_SEARCH_PATHS = "$(inherited) @executable_path/Frameworks";
				PRODUCT_BUNDLE_IDENTIFIER = jp.techacademy.kiki.fuji.PD;
				PRODUCT_NAME = "$(TARGET_NAME)";
				SWIFT_VERSION = 3.0;
			};
			name = Release;
		};
/* End XCBuildConfiguration section */

/* Begin XCConfigurationList section */
		F3CFF95F1F94E55B00521911 /* Build configuration list for PBXProject "PD" */ = {
			isa = XCConfigurationList;
			buildConfigurations = (
				F3CFF9741F94E55B00521911 /* Debug */,
				F3CFF9751F94E55B00521911 /* Release */,
			);
			defaultConfigurationIsVisible = 0;
			defaultConfigurationName = Release;
		};
		F3CFF9761F94E55B00521911 /* Build configuration list for PBXNativeTarget "PD" */ = {
			isa = XCConfigurationList;
			buildConfigurations = (
				F3CFF9771F94E55B00521911 /* Debug */,
				F3CFF9781F94E55B00521911 /* Release */,
			);
			defaultConfigurationIsVisible = 0;
			defaultConfigurationName = Release;
		};
/* End XCConfigurationList section */
	};
	rootObject = F3CFF95C1F94E55B00521911 /* Project object */;
}
